
Microsoft Visual Studio Solution File, Format Version 12.00
# Visual Studio 15
VisualStudioVersion = 15.0.26430.16
MinimumVisualStudioVersion = 10.0.40219.1
Project("{9A19103F-16F7-4668-BE54-9A1E7A4F7556}") = "ContosoUniversity", "ContosoUniversity\ContosoUniversity.csproj", "{E8B53511-6630-4878-9832-5F1F30FACAAA}"
EndProject
Project("{2150E333-8FDC-42A3-9474-1A3956D46DE8}") = "Solution Items", "Solution Items", "{D147F101-E71C-4856-9080-2D156A96A9D5}"
	ProjectSection(SolutionItems) = preProject
		PaginatedList.cs = PaginatedList.cs
	EndProjectSection
EndProject
Global
	GlobalSection(SolutionConfigurationPlatforms) = preSolution
		Debug|Any CPU = Debug|Any CPU
		Release|Any CPU = Release|Any CPU
	EndGlobalSection
	GlobalSection(ProjectConfigurationPlatforms) = postSolution
		{E8B53511-6630-4878-9832-5F1F30FACAAA}.Debug|Any CPU.ActiveCfg = Debug|Any CPU
		{E8B53511-6630-4878-9832-5F1F30FACAAA}.Debug|Any CPU.Build.0 = Debug|Any CPU
		{E8B53511-6630-4878-9832-5F1F30FACAAA}.Release|Any CPU.ActiveCfg = Release|Any CPU
		{E8B53511-6630-4878-9832-5F1F30FACAAA}.Release|Any CPU.Build.0 = Release|Any CPU
	EndGlobalSection
	GlobalSection(SolutionProperties) = preSolution
		HideSolutionNode = FALSE
	EndGlobalSection
EndGlobal
